Microsoft Visual Studio Solution File, Format Version 12.00
# Visual Studio 15
VisualStudioVersion = 15.0.27004.2006
MinimumVisualStudioVersion = 10.0.40219.1
Project("{9A19103F-16F7-4668-BE54-9A1E7A4F7556}") = "CampaignCoreTest", "CampaignCoreTest\CampaignCoreTest.csproj", "{39F71754-CE24-422D-B978-BEA896B617EB}"
EndProject
Project("{9A19103F-16F7-4668-BE54-9A1E7A4F7556}") = "CampaignCore", "CampaignCore\CampaignCore.csproj", "{1CAE82F0-BC17-4AFB-A7F8-0D24E605E2D9}"
EndProject
Project("{9A19103F-16F7-4668-BE54-9A1E7A4F7556}") = "CampaignBuilder", "CampaignBuilder\CampaignBuilder.csproj", "{D2BEC3F1-F9ED-4DD9-84FC-38A2360AB801}"
EndProject
Global
	GlobalSection(SolutionConfigurationPlatforms) = preSolution
		Debug|Any CPU = Debug|Any CPU
		Release|Any CPU = Release|Any CPU
	EndGlobalSection
	GlobalSection(ProjectConfigurationPlatforms) = postSolution
		{39F71754-CE24-422D-B978-BEA896B617EB}.Debug|Any CPU.ActiveCfg = Debug|Any CPU
		{39F71754-CE24-422D-B978-BEA896B617EB}.Debug|Any CPU.Build.0 = Debug|Any CPU
		{39F71754-CE24-422D-B978-BEA896B617EB}.Release|Any CPU.ActiveCfg = Release|Any CPU
		{39F71754-CE24-422D-B978-BEA896B617EB}.Release|Any CPU.Build.0 = Release|Any CPU
		{1CAE82F0-BC17-4AFB-A7F8-0D24E605E2D9}.Debug|Any CPU.ActiveCfg = Debug|Any CPU
		{1CAE82F0-BC17-4AFB-A7F8-0D24E605E2D9}.Debug|Any CPU.Build.0 = Debug|Any CPU
		{1CAE82F0-BC17-4AFB-A7F8-0D24E605E2D9}.Release|Any CPU.ActiveCfg = Release|Any CPU
		{1CAE82F0-BC17-4AFB-A7F8-0D24E605E2D9}.Release|Any CPU.Build.0 = Release|Any CPU
		{D2BEC3F1-F9ED-4DD9-84FC-38A2360AB801}.Debug|Any CPU.ActiveCfg = Debug|Any CPU
		{D2BEC3F1-F9ED-4DD9-84FC-38A2360AB801}.Debug|Any CPU.Build.0 = Debug|Any CPU
		{D2BEC3F1-F9ED-4DD9-84FC-38A2360AB801}.Release|Any CPU.ActiveCfg = Release|Any CPU
		{D2BEC3F1-F9ED-4DD9-84FC-38A2360AB801}.Release|Any CPU.Build.0 = Release|Any CPU
	EndGlobalSection
	GlobalSection(SolutionProperties) = preSolution
		HideSolutionNode = FALSE
	EndGlobalSection
	GlobalSection(ExtensibilityGlobals) = postSolution
		SolutionGuid = {B94488B4-8CF9-4E6A-80FB-C5ED517F9766}
	EndGlobalSection
EndGlobal
